
Microsoft Visual Studio Solution File, Format Version 12.00
# Visual Studio Version 16
VisualStudioVersion = 16.0.32929.386
MinimumVisualStudioVersion = 10.0.40219.1
Project("{FAE04EC0-301F-11D3-BF4B-00C04F79EFBC}") = "Singleton", "Singleton\Singleton.csproj", "{DABFA0AF-570B-44AC-A80A-2BB5349279F9}"
EndProject
Global
	GlobalSection(SolutionConfigurationPlatforms) = preSolution
		Debug|Any CPU = Debug|Any CPU
		Release|Any CPU = Release|Any CPU
	EndGlobalSection
	GlobalSection(ProjectConfigurationPlatforms) = postSolution
		{DABFA0AF-570B-44AC-A80A-2BB5349279F9}.Debug|Any CPU.ActiveCfg = Debug|Any CPU
		{DABFA0AF-570B-44AC-A80A-2BB5349279F9}.Debug|Any CPU.Build.0 = Debug|Any CPU
		{DABFA0AF-570B-44AC-A80A-2BB5349279F9}.Release|Any CPU.ActiveCfg = Release|Any CPU
		{DABFA0AF-570B-44AC-A80A-2BB5349279F9}.Release|Any CPU.Build.0 = Release|Any CPU
	EndGlobalSection
	GlobalSection(SolutionProperties) = preSolution
		HideSolutionNode = FALSE
	EndGlobalSection
	GlobalSection(ExtensibilityGlobals) = postSolution
		SolutionGuid = {B4C99078-1F12-4619-8768-8FBF11E6B6E2}
	EndGlobalSection
EndGlobal
