
Microsoft Visual Studio Solution File, Format Version 12.00
# Visual Studio Version 16
VisualStudioVersion = 16.0.32929.386
MinimumVisualStudioVersion = 10.0.40219.1
Project("{FAE04EC0-301F-11D3-BF4B-00C04F79EFBC}") = "LINQ-GroupBy", "LINQ-GroupBy\LINQ-GroupBy.csproj", "{5B96884D-5FB4-4131-B6DF-D02485950398}"
EndProject
Global
	GlobalSection(SolutionConfigurationPlatforms) = preSolution
		Debug|Any CPU = Debug|Any CPU
		Release|Any CPU = Release|Any CPU
	EndGlobalSection
	GlobalSection(ProjectConfigurationPlatforms) = postSolution
		{5B96884D-5FB4-4131-B6DF-D02485950398}.Debug|Any CPU.ActiveCfg = Debug|Any CPU
		{5B96884D-5FB4-4131-B6DF-D02485950398}.Debug|Any CPU.Build.0 = Debug|Any CPU
		{5B96884D-5FB4-4131-B6DF-D02485950398}.Release|Any CPU.ActiveCfg = Release|Any CPU
		{5B96884D-5FB4-4131-B6DF-D02485950398}.Release|Any CPU.Build.0 = Release|Any CPU
	EndGlobalSection
	GlobalSection(SolutionProperties) = preSolution
		HideSolutionNode = FALSE
	EndGlobalSection
	GlobalSection(ExtensibilityGlobals) = postSolution
		SolutionGuid = {A25195B6-93E7-4D90-84AE-CF48A8D55D7E}
	EndGlobalSection
EndGlobal
