
Microsoft Visual Studio Solution File, Format Version 12.00
# Visual Studio Version 16
VisualStudioVersion = 16.0.32929.386
MinimumVisualStudioVersion = 10.0.40219.1
Project("{FAE04EC0-301F-11D3-BF4B-00C04F79EFBC}") = "Calculadora", "Calculadora\Calculadora.csproj", "{2F6C54E5-03F1-47D5-8712-A090281771CD}"
EndProject
Project("{FAE04EC0-301F-11D3-BF4B-00C04F79EFBC}") = "Calculadora_Cliente", "Calculadora_Cliente\Calculadora_Cliente.csproj", "{1199AEB9-C378-4374-819D-87DEA8533F63}"
EndProject
Global
	GlobalSection(SolutionConfigurationPlatforms) = preSolution
		Debug|Any CPU = Debug|Any CPU
		Release|Any CPU = Release|Any CPU
	EndGlobalSection
	GlobalSection(ProjectConfigurationPlatforms) = postSolution
		{2F6C54E5-03F1-47D5-8712-A090281771CD}.Debug|Any CPU.ActiveCfg = Debug|Any CPU
		{2F6C54E5-03F1-47D5-8712-A090281771CD}.Debug|Any CPU.Build.0 = Debug|Any CPU
		{2F6C54E5-03F1-47D5-8712-A090281771CD}.Release|Any CPU.ActiveCfg = Release|Any CPU
		{2F6C54E5-03F1-47D5-8712-A090281771CD}.Release|Any CPU.Build.0 = Release|Any CPU
		{1199AEB9-C378-4374-819D-87DEA8533F63}.Debug|Any CPU.ActiveCfg = Debug|Any CPU
		{1199AEB9-C378-4374-819D-87DEA8533F63}.Debug|Any CPU.Build.0 = Debug|Any CPU
		{1199AEB9-C378-4374-819D-87DEA8533F63}.Release|Any CPU.ActiveCfg = Release|Any CPU
		{1199AEB9-C378-4374-819D-87DEA8533F63}.Release|Any CPU.Build.0 = Release|Any CPU
	EndGlobalSection
	GlobalSection(SolutionProperties) = preSolution
		HideSolutionNode = FALSE
	EndGlobalSection
	GlobalSection(ExtensibilityGlobals) = postSolution
		SolutionGuid = {BCC522EA-C15B-4A80-B7A8-C9874BCED14F}
	EndGlobalSection
EndGlobal
