
Microsoft Visual Studio Solution File, Format Version 12.00
# Visual Studio Version 16
VisualStudioVersion = 16.0.32929.386
MinimumVisualStudioVersion = 10.0.40219.1
Project("{FAE04EC0-301F-11D3-BF4B-00C04F79EFBC}") = "LINQ-Where", "LINQ-Where\LINQ-Where.csproj", "{BB02A2F4-3616-4DEA-819C-A1B1FD236123}"
EndProject
Global
	GlobalSection(SolutionConfigurationPlatforms) = preSolution
		Debug|Any CPU = Debug|Any CPU
		Release|Any CPU = Release|Any CPU
	EndGlobalSection
	GlobalSection(ProjectConfigurationPlatforms) = postSolution
		{BB02A2F4-3616-4DEA-819C-A1B1FD236123}.Debug|Any CPU.ActiveCfg = Debug|Any CPU
		{BB02A2F4-3616-4DEA-819C-A1B1FD236123}.Debug|Any CPU.Build.0 = Debug|Any CPU
		{BB02A2F4-3616-4DEA-819C-A1B1FD236123}.Release|Any CPU.ActiveCfg = Release|Any CPU
		{BB02A2F4-3616-4DEA-819C-A1B1FD236123}.Release|Any CPU.Build.0 = Release|Any CPU
	EndGlobalSection
	GlobalSection(SolutionProperties) = preSolution
		HideSolutionNode = FALSE
	EndGlobalSection
	GlobalSection(ExtensibilityGlobals) = postSolution
		SolutionGuid = {D6588554-B8D1-4909-91CD-334F87A5BAAA}
	EndGlobalSection
EndGlobal
